
Microsoft Visual Studio Solution File, Format Version 12.00
# Visual Studio 15
VisualStudioVersion = 15.0.28307.1259
MinimumVisualStudioVersion = 10.0.40219.1
Project("{FAE04EC0-301F-11D3-BF4B-00C04F79EFBC}") = "Crowd Knowledge Contribution AS", "Crowd Knowledge Contribution AS\Crowd Knowledge Contribution AS.csproj", "{3ADA4C70-4B08-4832-8360-F448775FD3CD}"
EndProject
Global
	GlobalSection(SolutionConfigurationPlatforms) = preSolution
		Debug|Any CPU = Debug|Any CPU
		Release|Any CPU = Release|Any CPU
	EndGlobalSection
	GlobalSection(ProjectConfigurationPlatforms) = postSolution
		{3ADA4C70-4B08-4832-8360-F448775FD3CD}.Debug|Any CPU.ActiveCfg = Debug|Any CPU
		{3ADA4C70-4B08-4832-8360-F448775FD3CD}.Debug|Any CPU.Build.0 = Debug|Any CPU
		{3ADA4C70-4B08-4832-8360-F448775FD3CD}.Release|Any CPU.ActiveCfg = Release|Any CPU
		{3ADA4C70-4B08-4832-8360-F448775FD3CD}.Release|Any CPU.Build.0 = Release|Any CPU
	EndGlobalSection
	GlobalSection(SolutionProperties) = preSolution
		HideSolutionNode = FALSE
	EndGlobalSection
	GlobalSection(ExtensibilityGlobals) = postSolution
		SolutionGuid = {1133F2BF-C5F4-440F-B890-8E16BBFD8BD1}
	EndGlobalSection
EndGlobal
